<?xml version="1.0" encoding="utf-8"?>
<Project ToolsVersion="4.0" xmlns="http://schemas.microsoft.com/developer/msbuild/2003">
  <ItemGroup>
    <Filter Include="源文件">
      <UniqueIdentifier>{4FC737F1-C7A5-4376-A066-2A32D752A2FF}</UniqueIdentifier>
      <Extensions>cpp;c;cc;cxx;def;odl;idl;hpj;bat;asm;asmx</Extensions>
    </Filter>
    <Filter Include="头文件">
      <UniqueIdentifier>{93995380-89BD-4b04-88EB-625FBE52EBFB}</UniqueIdentifier>
      <Extensions>h;hpp;hxx;hm;inl;inc;xsd</Extensions>
    </Filter>
    <Filter Include="资源文件">
      <UniqueIdentifier>{67DA6AB6-F800-4c08-8B7A-83BB121AAD01}</UniqueIdentifier>
      <Extensions>rc;ico;cur;bmp;dlg;rc2;rct;bin;rgs;gif;jpg;jpeg;jpe;resx;tiff;tif;png;wav;mfcribbon-ms</Extensions>
    </Filter>
  </ItemGroup>
  <ItemGroup>
    <Text Include="ReadMe.txt" />
  </ItemGroup>
  <ItemGroup>
    <ClInclude Include="stdafx.h">
      <Filter>头文件</Filter>
    </ClInclude>
    <ClInclude Include="targetver.h">
      <Filter>头文件</Filter>
    </ClInclude>
    <ClInclude Include="MainFrm.h">
      <Filter>头文件</Filter>
    </ClInclude>
    <ClInclude Include="Resource.h">
      <Filter>头文件</Filter>
    </ClInclude>
    <ClInclude Include="RayPropertyGridCtrl.h">
      <Filter>头文件</Filter>
    </ClInclude>
    <ClInclude Include="ServiceView.h">
      <Filter>头文件</Filter>
    </ClInclude>
    <ClInclude Include="ControlCAN\ControlCAN.h">
      <Filter>头文件</Filter>
    </ClInclude>
    <ClInclude Include="ViewTree.h">
      <Filter>头文件</Filter>
    </ClInclude>
    <ClInclude Include="UDSonCAN.h">
      <Filter>头文件</Filter>
    </ClInclude>
    <ClInclude Include="UDSonCANDoc.h">
      <Filter>头文件</Filter>
    </ClInclude>
    <ClInclude Include="UDSonCANView.h">
      <Filter>头文件</Filter>
    </ClInclude>
    <ClInclude Include="DataLinkLayer.h">
      <Filter>头文件</Filter>
    </ClInclude>
    <ClInclude Include="PhysicalLayer.h">
      <Filter>头文件</Filter>
    </ClInclude>
    <ClInclude Include="NetworkLayer.h">
      <Filter>头文件</Filter>
    </ClInclude>
    <ClInclude Include="ApplicationLayer.h">
      <Filter>头文件</Filter>
    </ClInclude>
    <ClInclude Include="TestDialog.h">
      <Filter>头文件</Filter>
    </ClInclude>
    <ClInclude Include="DiagnosticControl.h">
      <Filter>头文件</Filter>
    </ClInclude>
    <ClInclude Include="DiagnosticService.h">
      <Filter>头文件</Filter>
    </ClInclude>
    <ClInclude Include="DiagnosticStorage.h">
      <Filter>头文件</Filter>
    </ClInclude>
    <ClInclude Include="CANConfigDialog.h">
      <Filter>头文件</Filter>
    </ClInclude>
    <ClInclude Include="ApplicationLayerConfigDialog.h">
      <Filter>头文件</Filter>
    </ClInclude>
    <ClInclude Include="NetworkLayerConfigDialog.h">
      <Filter>头文件</Filter>
    </ClInclude>
    <ClInclude Include="WatchWnd.h">
      <Filter>头文件</Filter>
    </ClInclude>
    <ClInclude Include="DiagnosticResponse.h">
      <Filter>头文件</Filter>
    </ClInclude>
    <ClInclude Include="DiagnosticType.h">
      <Filter>头文件</Filter>
    </ClInclude>
  </ItemGroup>
  <ItemGroup>
    <ClCompile Include="stdafx.cpp">
      <Filter>源文件</Filter>
    </ClCompile>
    <ClCompile Include="MainFrm.cpp">
      <Filter>源文件</Filter>
    </ClCompile>
    <ClCompile Include="RayPropertyGridCtrl.cpp">
      <Filter>源文件</Filter>
    </ClCompile>
    <ClCompile Include="ServiceView.cpp">
      <Filter>源文件</Filter>
    </ClCompile>
    <ClCompile Include="ViewTree.cpp">
      <Filter>源文件</Filter>
    </ClCompile>
    <ClCompile Include="UDSonCAN.cpp">
      <Filter>源文件</Filter>
    </ClCompile>
    <ClCompile Include="UDSonCANDoc.cpp">
      <Filter>源文件</Filter>
    </ClCompile>
    <ClCompile Include="UDSonCANView.cpp">
      <Filter>源文件</Filter>
    </ClCompile>
    <ClCompile Include="DataLinkLayer.cpp">
      <Filter>源文件</Filter>
    </ClCompile>
    <ClCompile Include="PhysicalLayer.cpp">
      <Filter>源文件</Filter>
    </ClCompile>
    <ClCompile Include="NetworkLayer.cpp">
      <Filter>源文件</Filter>
    </ClCompile>
    <ClCompile Include="ApplicationLayer.cpp">
      <Filter>源文件</Filter>
    </ClCompile>
    <ClCompile Include="TestDialog.cpp">
      <Filter>源文件</Filter>
    </ClCompile>
    <ClCompile Include="DiagnosticControl.cpp">
      <Filter>源文件</Filter>
    </ClCompile>
    <ClCompile Include="DiagnosticService.cpp">
      <Filter>源文件</Filter>
    </ClCompile>
    <ClCompile Include="DiagnosticStorage.cpp">
      <Filter>源文件</Filter>
    </ClCompile>
    <ClCompile Include="CANConfigDialog.cpp">
      <Filter>源文件</Filter>
    </ClCompile>
    <ClCompile Include="ApplicationLayerConfigDialog.cpp">
      <Filter>源文件</Filter>
    </ClCompile>
    <ClCompile Include="NetworkLayerConfigDialog.cpp">
      <Filter>源文件</Filter>
    </ClCompile>
    <ClCompile Include="WatchWnd.cpp">
      <Filter>源文件</Filter>
    </ClCompile>
    <ClCompile Include="DiagnosticResponse.cpp">
      <Filter>源文件</Filter>
    </ClCompile>
  </ItemGroup>
  <ItemGroup>
    <Image Include="res\file_view.ico">
      <Filter>资源文件</Filter>
    </Image>
    <Image Include="res\file_view_hc.ico">
      <Filter>资源文件</Filter>
    </Image>
    <Image Include="res\fileview.bmp">
      <Filter>资源文件</Filter>
    </Image>
    <Image Include="res\fileview_hc.bmp">
      <Filter>资源文件</Filter>
    </Image>
    <Image Include="res\explorer.bmp">
      <Filter>资源文件</Filter>
    </Image>
    <Image Include="res\explorer_hc.bmp">
      <Filter>资源文件</Filter>
    </Image>
    <Image Include="res\sort.bmp">
      <Filter>资源文件</Filter>
    </Image>
    <Image Include="res\sort_hc.bmp">
      <Filter>资源文件</Filter>
    </Image>
    <Image Include="res\menuimages.bmp">
      <Filter>资源文件</Filter>
    </Image>
    <Image Include="res\menuimages_hc.bmp">
      <Filter>资源文件</Filter>
    </Image>
    <Image Include="UserImages.bmp">
      <Filter>资源文件</Filter>
    </Image>
    <Image Include="res\Toolbar.bmp">
      <Filter>资源文件</Filter>
    </Image>
    <Image Include="res\Toolbar256.bmp">
      <Filter>资源文件</Filter>
    </Image>
    <Image Include="res\service_view.ico">
      <Filter>资源文件</Filter>
    </Image>
    <Image Include="res\service_view_hc.ico">
      <Filter>资源文件</Filter>
    </Image>
    <Image Include="res\serviceview.bmp">
      <Filter>资源文件</Filter>
    </Image>
    <Image Include="res\serviceview_hc.bmp">
      <Filter>资源文件</Filter>
    </Image>
    <Image Include="res\UDSonCAN.ico">
      <Filter>资源文件</Filter>
    </Image>
    <Image Include="res\UDSonCANDoc.ico">
      <Filter>资源文件</Filter>
    </Image>
    <Image Include="res\watch_wnd.ico">
      <Filter>资源文件</Filter>
    </Image>
    <Image Include="res\watch_wnd_hc.ico">
      <Filter>资源文件</Filter>
    </Image>
  </ItemGroup>
  <ItemGroup>
    <None Include="ControlCAN\ControlCAN.dll" />
    <None Include="res\UDSonCAN.rc2">
      <Filter>资源文件</Filter>
    </None>
    <None Include="ClassDiagram.cd" />
  </ItemGroup>
  <ItemGroup>
    <Library Include="ControlCAN\ControlCAN.lib" />
  </ItemGroup>
  <ItemGroup>
    <ResourceCompile Include="UDSonCAN.rc">
      <Filter>资源文件</Filter>
    </ResourceCompile>
  </ItemGroup>
</Project>